
Microsoft Visual Studio Solution File, Format Version 12.00
# Visual Studio 15
VisualStudioVersion = 15.0.27130.2010
MinimumVisualStudioVersion = 10.0.40219.1
Project("{FAE04EC0-301F-11D3-BF4B-00C04F79EFBC}") = "VCardSplitter", "VCardSplitter\VCardSplitter.csproj", "{24CDBE2E-A642-4167-94D2-A794B7C879AD}"
EndProject
Global
	GlobalSection(SolutionConfigurationPlatforms) = preSolution
		Debug|Any CPU = Debug|Any CPU
		Release|Any CPU = Release|Any CPU
	EndGlobalSection
	GlobalSection(ProjectConfigurationPlatforms) = postSolution
		{24CDBE2E-A642-4167-94D2-A794B7C879AD}.Debug|Any CPU.ActiveCfg = Debug|Any CPU
		{24CDBE2E-A642-4167-94D2-A794B7C879AD}.Debug|Any CPU.Build.0 = Debug|Any CPU
		{24CDBE2E-A642-4167-94D2-A794B7C879AD}.Release|Any CPU.ActiveCfg = Release|Any CPU
		{24CDBE2E-A642-4167-94D2-A794B7C879AD}.Release|Any CPU.Build.0 = Release|Any CPU
	EndGlobalSection
	GlobalSection(SolutionProperties) = preSolution
		HideSolutionNode = FALSE
	EndGlobalSection
	GlobalSection(ExtensibilityGlobals) = postSolution
		SolutionGuid = {D8DEDDE6-142B-4897-BEFA-14A4FE8C791C}
	EndGlobalSection
EndGlobal
